<?xml version="1.0" encoding="UTF-8"?>
<Scheme LastUpgradeVersion="2700" version="1.7">
  <BuildAction parallelizeBuildables="YES" buildImplicitDependencies="YES"><BuildActionEntries>
    <BuildActionEntry buildForTesting="YES" buildForRunning="YES" buildForProfiling="YES" buildForArchiving="YES" buildForAnalyzing="YES">
      <BuildableReference BuildableIdentifier="primary" BlueprintIdentifier="2A0000000000000000000500" BuildableName="SlimYet.app" BlueprintName="SlimYet" ReferencedContainer="container:SlimYet.xcodeproj"/>
    </BuildActionEntry>
    <BuildActionEntry buildForTesting="YES" buildForRunning="NO" buildForProfiling="NO" buildForArchiving="NO" buildForAnalyzing="NO">
      <BuildableReference BuildableIdentifier="primary" BlueprintIdentifier="3C0000000000000000000003" BuildableName="SlimYetUITests.xctest" BlueprintName="SlimYetUITests" ReferencedContainer="container:SlimYet.xcodeproj"/>
    </BuildActionEntry>
  </BuildActionEntries></BuildAction>
  <TestAction buildConfiguration="Debug" selectedDebuggerIdentifier="Xcode.DebuggerFoundation.Debugger.LLDB" selectedLauncherIdentifier="Xcode.IDEFoundation.Launcher.LLDB" shouldUseLaunchSchemeArgsEnv="YES">
    <Testables><TestableReference skipped="NO"><BuildableReference BuildableIdentifier="primary" BlueprintIdentifier="3C0000000000000000000003" BuildableName="SlimYetUITests.xctest" BlueprintName="SlimYetUITests" ReferencedContainer="container:SlimYet.xcodeproj"/></TestableReference></Testables>
  </TestAction>
  <LaunchAction buildConfiguration="Debug" selectedDebuggerIdentifier="Xcode.DebuggerFoundation.Debugger.LLDB" selectedLauncherIdentifier="Xcode.IDEFoundation.Launcher.LLDB" launchStyle="0" useCustomWorkingDirectory="NO" ignoresPersistentStateOnLaunch="NO" debugDocumentVersioning="YES" allowLocationSimulation="YES">
    <BuildableProductRunnable runnableDebuggingMode="0"><BuildableReference BuildableIdentifier="primary" BlueprintIdentifier="2A0000000000000000000500" BuildableName="SlimYet.app" BlueprintName="SlimYet" ReferencedContainer="container:SlimYet.xcodeproj"/></BuildableProductRunnable>
  </LaunchAction>
  <ProfileAction buildConfiguration="Release" shouldUseLaunchSchemeArgsEnv="YES" savedToolIdentifier="" useCustomWorkingDirectory="NO" debugDocumentVersioning="YES"><BuildableProductRunnable runnableDebuggingMode="0"><BuildableReference BuildableIdentifier="primary" BlueprintIdentifier="2A0000000000000000000500" BuildableName="SlimYet.app" BlueprintName="SlimYet" ReferencedContainer="container:SlimYet.xcodeproj"/></BuildableProductRunnable></ProfileAction>
  <AnalyzeAction buildConfiguration="Debug"/>
  <ArchiveAction buildConfiguration="Release" revealArchiveInOrganizer="YES"/>
</Scheme>
